{
  "object": {
    "pins": [
      {
        "package": "Connection",
        "repositoryURL": "git@github.com:MaciejGad/NurseryRhymesConnection.git",
        "state": {
          "branch": "main",
          "revision": "8d059d246b5fa1f7cd4e43048d1c510cc5773e22",
          "version": null
        }
      },
      {
        "package": "Models",
        "repositoryURL": "git@github.com:MaciejGad/NurseryRhymesModels.git",
        "state": {
          "branch": "main",
          "revision": "ab32808775f6f1d92c3764c47e9bafd4d55c478f",
          "version": null
        }
      },
      {
        "package": "SnapshotTesting",
        "repositoryURL": "https://github.com/pointfreeco/swift-snapshot-testing.git",
        "state": {
          "branch": null,
          "revision": "c466812aa2e22898f27557e2e780d3aad7a27203",
          "version": "1.8.2"
        }
      }
    ]
  },
  "version": 1
}
