{
  "object": {
    "pins": [
      {
        "package": "Connection",
        "repositoryURL": "git@github.com:MaciejGad/NurseryRhymesConnection.git",
        "state": {
          "branch": "main",
          "revision": "86a5755c217900c6645d58a53d57a4b378728e85",
          "version": null
        }
      },
      {
        "package": "Models",
        "repositoryURL": "git@github.com:MaciejGad/NurseryRhymesModels.git",
        "state": {
          "branch": "main",
          "revision": "7343b782eec40f3071d9afebeedeaf211a9e9929",
          "version": null
        }
      },
      {
        "package": "SnapshotTesting",
        "repositoryURL": "https://github.com/pointfreeco/swift-snapshot-testing.git",
        "state": {
          "branch": null,
          "revision": "c466812aa2e22898f27557e2e780d3aad7a27203",
          "version": "1.8.2"
        }
      }
    ]
  },
  "version": 1
}
