// !$*UTF8*$!
{
	archiveVersion = 1;
	classes = {
	};
	objectVersion = 52;
	objects = {

/* Begin PBXBuildFile section */
		D923B4A4257D6E26001C5760 /* AppDelegate.swift in Sources */ = {isa = PBXBuildFile; fileRef = D923B4A3257D6E26001C5760 /* AppDelegate.swift */; };
		D923B4A6257D6E26001C5760 /* SceneDelegate.swift in Sources */ = {isa = PBXBuildFile; fileRef = D923B4A5257D6E26001C5760 /* SceneDelegate.swift */; };
		D923B4AD257D6E27001C5760 /* Assets.xcassets in Resources */ = {isa = PBXBuildFile; fileRef = D923B4AC257D6E27001C5760 /* Assets.xcassets */; };
		D923B4B0257D6E27001C5760 /* LaunchScreen.storyboard in Resources */ = {isa = PBXBuildFile; fileRef = D923B4AE257D6E27001C5760 /* LaunchScreen.storyboard */; };
		D923B4C6257D6E27001C5760 /* Nursery_RhymesUITests.swift in Sources */ = {isa = PBXBuildFile; fileRef = D923B4C5257D6E27001C5760 /* Nursery_RhymesUITests.swift */; };
		D923B4E5257D83E1001C5760 /* SnapshotTesting in Frameworks */ = {isa = PBXBuildFile; productRef = D923B4E4257D83E1001C5760 /* SnapshotTesting */; };
		D923B4EB257D842B001C5760 /* Models in Frameworks */ = {isa = PBXBuildFile; productRef = D923B4EA257D842B001C5760 /* Models */; };
		D923B4F1257D8461001C5760 /* Connection in Frameworks */ = {isa = PBXBuildFile; productRef = D923B4F0257D8461001C5760 /* Connection */; };
		D923B4F7257D8762001C5760 /* ListViewController.swift in Sources */ = {isa = PBXBuildFile; fileRef = D923B4F6257D8762001C5760 /* ListViewController.swift */; };
		D923B4FF257D8805001C5760 /* ListView.swift in Sources */ = {isa = PBXBuildFile; fileRef = D923B4FE257D8805001C5760 /* ListView.swift */; };
		D923B507257D8D93001C5760 /* Preview.swift in Sources */ = {isa = PBXBuildFile; fileRef = D923B506257D8D93001C5760 /* Preview.swift */; };
		D923B50C257D948D001C5760 /* LoaderView.swift in Sources */ = {isa = PBXBuildFile; fileRef = D923B50B257D948D001C5760 /* LoaderView.swift */; };
		D923B511257D9A59001C5760 /* NSLayoutConstraintHelper.swift in Sources */ = {isa = PBXBuildFile; fileRef = D923B510257D9A59001C5760 /* NSLayoutConstraintHelper.swift */; };
		D979A39A257E25C5001A366C /* ErrorView.swift in Sources */ = {isa = PBXBuildFile; fileRef = D979A399257E25C5001A366C /* ErrorView.swift */; };
		D979A39F257E2CC7001A366C /* ListViewControllerTests.swift in Sources */ = {isa = PBXBuildFile; fileRef = D979A39E257E2CC7001A366C /* ListViewControllerTests.swift */; };
		D979A3A7257E413D001A366C /* ListDataSource.swift in Sources */ = {isa = PBXBuildFile; fileRef = D979A3A6257E413D001A366C /* ListDataSource.swift */; };
		D979A3AC257E49A9001A366C /* ListCell.swift in Sources */ = {isa = PBXBuildFile; fileRef = D979A3AB257E49A9001A366C /* ListCell.swift */; };
		D979A3B1257E4DC7001A366C /* ImagePromise.swift in Sources */ = {isa = PBXBuildFile; fileRef = D979A3B0257E4DC7001A366C /* ImagePromise.swift */; };
		D9A088CF257EE72E0079079F /* ListViewControllerFactory.swift in Sources */ = {isa = PBXBuildFile; fileRef = D9A088CE257EE72E0079079F /* ListViewControllerFactory.swift */; };
		D9A088D7257EF65E0079079F /* ListViewModel.swift in Sources */ = {isa = PBXBuildFile; fileRef = D9A088D6257EF65E0079079F /* ListViewModel.swift */; };
		D9A088DC257F67600079079F /* NavigationController.swift in Sources */ = {isa = PBXBuildFile; fileRef = D9A088DB257F67600079079F /* NavigationController.swift */; };
		D9A088E5257F68390079079F /* RhymeViewController.swift in Sources */ = {isa = PBXBuildFile; fileRef = D9A088E4257F68390079079F /* RhymeViewController.swift */; };
		D9A088EA257F68580079079F /* RhymeView.swift in Sources */ = {isa = PBXBuildFile; fileRef = D9A088E9257F68580079079F /* RhymeView.swift */; };
		D9A088F4257F6FB10079079F /* UIView+pinToSuperview.swift in Sources */ = {isa = PBXBuildFile; fileRef = D9A088F3257F6FB10079079F /* UIView+pinToSuperview.swift */; };
		D9A088F9257F88D80079079F /* AppRouter.swift in Sources */ = {isa = PBXBuildFile; fileRef = D9A088F8257F88D80079079F /* AppRouter.swift */; };
		D9A088FE257F8A7D0079079F /* RhymeViewControllerFactory.swift in Sources */ = {isa = PBXBuildFile; fileRef = D9A088FD257F8A7D0079079F /* RhymeViewControllerFactory.swift */; };
		D9A08903257FAA280079079F /* RhymeDetailsProvider.swift in Sources */ = {isa = PBXBuildFile; fileRef = D9A08902257FAA280079079F /* RhymeDetailsProvider.swift */; };
		D9A08908257FAA880079079F /* RhymeDetailsViewModel.swift in Sources */ = {isa = PBXBuildFile; fileRef = D9A08907257FAA880079079F /* RhymeDetailsViewModel.swift */; };
		D9A0890D257FE0CE0079079F /* Aggregator.swift in Sources */ = {isa = PBXBuildFile; fileRef = D9A0890C257FE0CE0079079F /* Aggregator.swift */; };
		D9A0891525801BFE0079079F /* FavouritesProvider.swift in Sources */ = {isa = PBXBuildFile; fileRef = D9A0891425801BFE0079079F /* FavouritesProvider.swift */; };
		D9A0891A25801D8E0079079F /* LocalDataProvider.swift in Sources */ = {isa = PBXBuildFile; fileRef = D9A0891925801D8E0079079F /* LocalDataProvider.swift */; };
		D9A0892025803D240079079F /* BooksViewController.swift in Sources */ = {isa = PBXBuildFile; fileRef = D9A0891F25803D240079079F /* BooksViewController.swift */; };
		D9A0892825803D360079079F /* BooksDataSource.swift in Sources */ = {isa = PBXBuildFile; fileRef = D9A0892725803D360079079F /* BooksDataSource.swift */; };
		D9A0892D25803D4E0079079F /* BooksView.swift in Sources */ = {isa = PBXBuildFile; fileRef = D9A0892C25803D4E0079079F /* BooksView.swift */; };
		D9A0893825803D600079079F /* BookCell.swift in Sources */ = {isa = PBXBuildFile; fileRef = D9A0893725803D600079079F /* BookCell.swift */; };
		D9A0893D25803D730079079F /* BookViewModel.swift in Sources */ = {isa = PBXBuildFile; fileRef = D9A0893C25803D730079079F /* BookViewModel.swift */; };
		D9A08942258043950079079F /* BooksViewControllerFactory.swift in Sources */ = {isa = PBXBuildFile; fileRef = D9A08941258043950079079F /* BooksViewControllerFactory.swift */; };
		D9BCE22E25804B810015A2DB /* BrowserFactory.swift in Sources */ = {isa = PBXBuildFile; fileRef = D9BCE22D25804B810015A2DB /* BrowserFactory.swift */; };
		D9BCE23325804D8E0015A2DB /* UIViewController+safePresent.swift in Sources */ = {isa = PBXBuildFile; fileRef = D9BCE23225804D8E0015A2DB /* UIViewController+safePresent.swift */; };
/* End PBXBuildFile section */

/* Begin PBXContainerItemProxy section */
		D923B4B7257D6E27001C5760 /* PBXContainerItemProxy */ = {
			isa = PBXContainerItemProxy;
			containerPortal = D923B498257D6E26001C5760 /* Project object */;
			proxyType = 1;
			remoteGlobalIDString = D923B49F257D6E26001C5760;
			remoteInfo = "Nursery Rhymes";
		};
		D923B4C2257D6E27001C5760 /* PBXContainerItemProxy */ = {
			isa = PBXContainerItemProxy;
			containerPortal = D923B498257D6E26001C5760 /* Project object */;
			proxyType = 1;
			remoteGlobalIDString = D923B49F257D6E26001C5760;
			remoteInfo = "Nursery Rhymes";
		};
/* End PBXContainerItemProxy section */

/* Begin PBXFileReference section */
		D923B4A0257D6E26001C5760 /* Nursery Rhymes.app */ = {isa = PBXFileReference; explicitFileType = wrapper.application; includeInIndex = 0; path = "Nursery Rhymes.app"; sourceTree = BUILT_PRODUCTS_DIR; };
		D923B4A3257D6E26001C5760 /* AppDelegate.swift */ = {isa = PBXFileReference; lastKnownFileType = sourcecode.swift; path = AppDelegate.swift; sourceTree = "<group>"; };
		D923B4A5257D6E26001C5760 /* SceneDelegate.swift */ = {isa = PBXFileReference; lastKnownFileType = sourcecode.swift; path = SceneDelegate.swift; sourceTree = "<group>"; };
		D923B4AC257D6E27001C5760 /* Assets.xcassets */ = {isa = PBXFileReference; lastKnownFileType = folder.assetcatalog; path = Assets.xcassets; sourceTree = "<group>"; };
		D923B4AF257D6E27001C5760 /* Base */ = {isa = PBXFileReference; lastKnownFileType = file.storyboard; name = Base; path = Base.lproj/LaunchScreen.storyboard; sourceTree = "<group>"; };
		D923B4B1257D6E27001C5760 /* Info.plist */ = {isa = PBXFileReference; lastKnownFileType = text.plist.xml; path = Info.plist; sourceTree = "<group>"; };
		D923B4B6257D6E27001C5760 /* Nursery RhymesTests.xctest */ = {isa = PBXFileReference; explicitFileType = wrapper.cfbundle; includeInIndex = 0; path = "Nursery RhymesTests.xctest"; sourceTree = BUILT_PRODUCTS_DIR; };
		D923B4BC257D6E27001C5760 /* Info.plist */ = {isa = PBXFileReference; lastKnownFileType = text.plist.xml; path = Info.plist; sourceTree = "<group>"; };
		D923B4C1257D6E27001C5760 /* Nursery RhymesUITests.xctest */ = {isa = PBXFileReference; explicitFileType = wrapper.cfbundle; includeInIndex = 0; path = "Nursery RhymesUITests.xctest"; sourceTree = BUILT_PRODUCTS_DIR; };
		D923B4C5257D6E27001C5760 /* Nursery_RhymesUITests.swift */ = {isa = PBXFileReference; lastKnownFileType = sourcecode.swift; path = Nursery_RhymesUITests.swift; sourceTree = "<group>"; };
		D923B4C7257D6E27001C5760 /* Info.plist */ = {isa = PBXFileReference; lastKnownFileType = text.plist.xml; path = Info.plist; sourceTree = "<group>"; };
		D923B4D9257D6E53001C5760 /* Nursery Rhymes.entitlements */ = {isa = PBXFileReference; lastKnownFileType = text.plist.entitlements; path = "Nursery Rhymes.entitlements"; sourceTree = "<group>"; };
		D923B4F6257D8762001C5760 /* ListViewController.swift */ = {isa = PBXFileReference; lastKnownFileType = sourcecode.swift; path = ListViewController.swift; sourceTree = "<group>"; };
		D923B4FE257D8805001C5760 /* ListView.swift */ = {isa = PBXFileReference; lastKnownFileType = sourcecode.swift; path = ListView.swift; sourceTree = "<group>"; };
		D923B506257D8D93001C5760 /* Preview.swift */ = {isa = PBXFileReference; lastKnownFileType = sourcecode.swift; path = Preview.swift; sourceTree = "<group>"; };
		D923B50B257D948D001C5760 /* LoaderView.swift */ = {isa = PBXFileReference; lastKnownFileType = sourcecode.swift; path = LoaderView.swift; sourceTree = "<group>"; };
		D923B510257D9A59001C5760 /* NSLayoutConstraintHelper.swift */ = {isa = PBXFileReference; lastKnownFileType = sourcecode.swift; path = NSLayoutConstraintHelper.swift; sourceTree = "<group>"; };
		D979A399257E25C5001A366C /* ErrorView.swift */ = {isa = PBXFileReference; lastKnownFileType = sourcecode.swift; path = ErrorView.swift; sourceTree = "<group>"; };
		D979A39E257E2CC7001A366C /* ListViewControllerTests.swift */ = {isa = PBXFileReference; lastKnownFileType = sourcecode.swift; path = ListViewControllerTests.swift; sourceTree = "<group>"; };
		D979A3A6257E413D001A366C /* ListDataSource.swift */ = {isa = PBXFileReference; lastKnownFileType = sourcecode.swift; path = ListDataSource.swift; sourceTree = "<group>"; };
		D979A3AB257E49A9001A366C /* ListCell.swift */ = {isa = PBXFileReference; lastKnownFileType = sourcecode.swift; path = ListCell.swift; sourceTree = "<group>"; };
		D979A3B0257E4DC7001A366C /* ImagePromise.swift */ = {isa = PBXFileReference; lastKnownFileType = sourcecode.swift; path = ImagePromise.swift; sourceTree = "<group>"; };
		D9A088CE257EE72E0079079F /* ListViewControllerFactory.swift */ = {isa = PBXFileReference; lastKnownFileType = sourcecode.swift; path = ListViewControllerFactory.swift; sourceTree = "<group>"; };
		D9A088D6257EF65E0079079F /* ListViewModel.swift */ = {isa = PBXFileReference; lastKnownFileType = sourcecode.swift; path = ListViewModel.swift; sourceTree = "<group>"; };
		D9A088DB257F67600079079F /* NavigationController.swift */ = {isa = PBXFileReference; lastKnownFileType = sourcecode.swift; path = NavigationController.swift; sourceTree = "<group>"; };
		D9A088E4257F68390079079F /* RhymeViewController.swift */ = {isa = PBXFileReference; lastKnownFileType = sourcecode.swift; path = RhymeViewController.swift; sourceTree = "<group>"; };
		D9A088E9257F68580079079F /* RhymeView.swift */ = {isa = PBXFileReference; lastKnownFileType = sourcecode.swift; path = RhymeView.swift; sourceTree = "<group>"; };
		D9A088F3257F6FB10079079F /* UIView+pinToSuperview.swift */ = {isa = PBXFileReference; lastKnownFileType = sourcecode.swift; path = "UIView+pinToSuperview.swift"; sourceTree = "<group>"; };
		D9A088F8257F88D80079079F /* AppRouter.swift */ = {isa = PBXFileReference; lastKnownFileType = sourcecode.swift; path = AppRouter.swift; sourceTree = "<group>"; };
		D9A088FD257F8A7D0079079F /* RhymeViewControllerFactory.swift */ = {isa = PBXFileReference; lastKnownFileType = sourcecode.swift; path = RhymeViewControllerFactory.swift; sourceTree = "<group>"; };
		D9A08902257FAA280079079F /* RhymeDetailsProvider.swift */ = {isa = PBXFileReference; lastKnownFileType = sourcecode.swift; path = RhymeDetailsProvider.swift; sourceTree = "<group>"; };
		D9A08907257FAA880079079F /* RhymeDetailsViewModel.swift */ = {isa = PBXFileReference; lastKnownFileType = sourcecode.swift; path = RhymeDetailsViewModel.swift; sourceTree = "<group>"; };
		D9A0890C257FE0CE0079079F /* Aggregator.swift */ = {isa = PBXFileReference; lastKnownFileType = sourcecode.swift; path = Aggregator.swift; sourceTree = "<group>"; };
		D9A0891425801BFE0079079F /* FavouritesProvider.swift */ = {isa = PBXFileReference; lastKnownFileType = sourcecode.swift; path = FavouritesProvider.swift; sourceTree = "<group>"; };
		D9A0891925801D8E0079079F /* LocalDataProvider.swift */ = {isa = PBXFileReference; lastKnownFileType = sourcecode.swift; path = LocalDataProvider.swift; sourceTree = "<group>"; };
		D9A0891F25803D240079079F /* BooksViewController.swift */ = {isa = PBXFileReference; lastKnownFileType = sourcecode.swift; path = BooksViewController.swift; sourceTree = "<group>"; };
		D9A0892725803D360079079F /* BooksDataSource.swift */ = {isa = PBXFileReference; lastKnownFileType = sourcecode.swift; path = BooksDataSource.swift; sourceTree = "<group>"; };
		D9A0892C25803D4E0079079F /* BooksView.swift */ = {isa = PBXFileReference; lastKnownFileType = sourcecode.swift; path = BooksView.swift; sourceTree = "<group>"; };
		D9A0893725803D600079079F /* BookCell.swift */ = {isa = PBXFileReference; lastKnownFileType = sourcecode.swift; path = BookCell.swift; sourceTree = "<group>"; };
		D9A0893C25803D730079079F /* BookViewModel.swift */ = {isa = PBXFileReference; lastKnownFileType = sourcecode.swift; path = BookViewModel.swift; sourceTree = "<group>"; };
		D9A08941258043950079079F /* BooksViewControllerFactory.swift */ = {isa = PBXFileReference; lastKnownFileType = sourcecode.swift; path = BooksViewControllerFactory.swift; sourceTree = "<group>"; };
		D9BCE22D25804B810015A2DB /* BrowserFactory.swift */ = {isa = PBXFileReference; lastKnownFileType = sourcecode.swift; path = BrowserFactory.swift; sourceTree = "<group>"; };
		D9BCE23225804D8E0015A2DB /* UIViewController+safePresent.swift */ = {isa = PBXFileReference; lastKnownFileType = sourcecode.swift; path = "UIViewController+safePresent.swift"; sourceTree = "<group>"; };
/* End PBXFileReference section */

/* Begin PBXFrameworksBuildPhase section */
		D923B49D257D6E26001C5760 /* Frameworks */ = {
			isa = PBXFrameworksBuildPhase;
			buildActionMask = 2147483647;
			files = (
				D923B4F1257D8461001C5760 /* Connection in Frameworks */,
				D923B4EB257D842B001C5760 /* Models in Frameworks */,
			);
			runOnlyForDeploymentPostprocessing = 0;
		};
		D923B4B3257D6E27001C5760 /* Frameworks */ = {
			isa = PBXFrameworksBuildPhase;
			buildActionMask = 2147483647;
			files = (
				D923B4E5257D83E1001C5760 /* SnapshotTesting in Frameworks */,
			);
			runOnlyForDeploymentPostprocessing = 0;
		};
		D923B4BE257D6E27001C5760 /* Frameworks */ = {
			isa = PBXFrameworksBuildPhase;
			buildActionMask = 2147483647;
			files = (
			);
			runOnlyForDeploymentPostprocessing = 0;
		};
/* End PBXFrameworksBuildPhase section */

/* Begin PBXGroup section */
		D923B497257D6E26001C5760 = {
			isa = PBXGroup;
			children = (
				D923B4A2257D6E26001C5760 /* Nursery Rhymes */,
				D923B4B9257D6E27001C5760 /* Nursery RhymesTests */,
				D923B4C4257D6E27001C5760 /* Nursery RhymesUITests */,
				D923B4A1257D6E26001C5760 /* Products */,
			);
			sourceTree = "<group>";
		};
		D923B4A1257D6E26001C5760 /* Products */ = {
			isa = PBXGroup;
			children = (
				D923B4A0257D6E26001C5760 /* Nursery Rhymes.app */,
				D923B4B6257D6E27001C5760 /* Nursery RhymesTests.xctest */,
				D923B4C1257D6E27001C5760 /* Nursery RhymesUITests.xctest */,
			);
			name = Products;
			sourceTree = "<group>";
		};
		D923B4A2257D6E26001C5760 /* Nursery Rhymes */ = {
			isa = PBXGroup;
			children = (
				D923B4D9257D6E53001C5760 /* Nursery Rhymes.entitlements */,
				D923B4A3257D6E26001C5760 /* AppDelegate.swift */,
				D923B4A5257D6E26001C5760 /* SceneDelegate.swift */,
				D9A088F8257F88D80079079F /* AppRouter.swift */,
				D923B4F5257D874A001C5760 /* List */,
				D9A088E3257F68230079079F /* Rhyme */,
				D9A0891E25803D0F0079079F /* Books */,
				D923B4AC257D6E27001C5760 /* Assets.xcassets */,
				D923B4AE257D6E27001C5760 /* LaunchScreen.storyboard */,
				D923B4B1257D6E27001C5760 /* Info.plist */,
				D923B506257D8D93001C5760 /* Preview.swift */,
				D923B510257D9A59001C5760 /* NSLayoutConstraintHelper.swift */,
				D979A3B0257E4DC7001A366C /* ImagePromise.swift */,
				D9A088DB257F67600079079F /* NavigationController.swift */,
				D9A088F3257F6FB10079079F /* UIView+pinToSuperview.swift */,
				D9A0890C257FE0CE0079079F /* Aggregator.swift */,
				D9A0891925801D8E0079079F /* LocalDataProvider.swift */,
				D9BCE23225804D8E0015A2DB /* UIViewController+safePresent.swift */,
			);
			path = "Nursery Rhymes";
			sourceTree = "<group>";
		};
		D923B4B9257D6E27001C5760 /* Nursery RhymesTests */ = {
			isa = PBXGroup;
			children = (
				D979A39E257E2CC7001A366C /* ListViewControllerTests.swift */,
				D923B4BC257D6E27001C5760 /* Info.plist */,
			);
			path = "Nursery RhymesTests";
			sourceTree = "<group>";
		};
		D923B4C4257D6E27001C5760 /* Nursery RhymesUITests */ = {
			isa = PBXGroup;
			children = (
				D923B4C5257D6E27001C5760 /* Nursery_RhymesUITests.swift */,
				D923B4C7257D6E27001C5760 /* Info.plist */,
			);
			path = "Nursery RhymesUITests";
			sourceTree = "<group>";
		};
		D923B4F5257D874A001C5760 /* List */ = {
			isa = PBXGroup;
			children = (
				D923B4F6257D8762001C5760 /* ListViewController.swift */,
				D9A088CE257EE72E0079079F /* ListViewControllerFactory.swift */,
				D923B4FE257D8805001C5760 /* ListView.swift */,
				D923B50B257D948D001C5760 /* LoaderView.swift */,
				D979A3AB257E49A9001A366C /* ListCell.swift */,
				D9A088D6257EF65E0079079F /* ListViewModel.swift */,
				D979A3A6257E413D001A366C /* ListDataSource.swift */,
				D979A399257E25C5001A366C /* ErrorView.swift */,
				D9A0891425801BFE0079079F /* FavouritesProvider.swift */,
			);
			path = List;
			sourceTree = "<group>";
		};
		D9A088E3257F68230079079F /* Rhyme */ = {
			isa = PBXGroup;
			children = (
				D9A088E4257F68390079079F /* RhymeViewController.swift */,
				D9A088FD257F8A7D0079079F /* RhymeViewControllerFactory.swift */,
				D9A088E9257F68580079079F /* RhymeView.swift */,
				D9A08907257FAA880079079F /* RhymeDetailsViewModel.swift */,
				D9A08902257FAA280079079F /* RhymeDetailsProvider.swift */,
			);
			path = Rhyme;
			sourceTree = "<group>";
		};
		D9A0891E25803D0F0079079F /* Books */ = {
			isa = PBXGroup;
			children = (
				D9A0891F25803D240079079F /* BooksViewController.swift */,
				D9A08941258043950079079F /* BooksViewControllerFactory.swift */,
				D9A0892C25803D4E0079079F /* BooksView.swift */,
				D9A0893725803D600079079F /* BookCell.swift */,
				D9A0893C25803D730079079F /* BookViewModel.swift */,
				D9A0892725803D360079079F /* BooksDataSource.swift */,
				D9BCE22D25804B810015A2DB /* BrowserFactory.swift */,
			);
			path = Books;
			sourceTree = "<group>";
		};
/* End PBXGroup section */

/* Begin PBXNativeTarget section */
		D923B49F257D6E26001C5760 /* Nursery Rhymes */ = {
			isa = PBXNativeTarget;
			buildConfigurationList = D923B4CA257D6E27001C5760 /* Build configuration list for PBXNativeTarget "Nursery Rhymes" */;
			buildPhases = (
				D923B49C257D6E26001C5760 /* Sources */,
				D923B49D257D6E26001C5760 /* Frameworks */,
				D923B49E257D6E26001C5760 /* Resources */,
			);
			buildRules = (
			);
			dependencies = (
			);
			name = "Nursery Rhymes";
			packageProductDependencies = (
				D923B4EA257D842B001C5760 /* Models */,
				D923B4F0257D8461001C5760 /* Connection */,
			);
			productName = "Nursery Rhymes";
			productReference = D923B4A0257D6E26001C5760 /* Nursery Rhymes.app */;
			productType = "com.apple.product-type.application";
		};
		D923B4B5257D6E27001C5760 /* Nursery RhymesTests */ = {
			isa = PBXNativeTarget;
			buildConfigurationList = D923B4CD257D6E27001C5760 /* Build configuration list for PBXNativeTarget "Nursery RhymesTests" */;
			buildPhases = (
				D923B4B2257D6E27001C5760 /* Sources */,
				D923B4B3257D6E27001C5760 /* Frameworks */,
				D923B4B4257D6E27001C5760 /* Resources */,
			);
			buildRules = (
			);
			dependencies = (
				D923B4B8257D6E27001C5760 /* PBXTargetDependency */,
			);
			name = "Nursery RhymesTests";
			packageProductDependencies = (
				D923B4E4257D83E1001C5760 /* SnapshotTesting */,
			);
			productName = "Nursery RhymesTests";
			productReference = D923B4B6257D6E27001C5760 /* Nursery RhymesTests.xctest */;
			productType = "com.apple.product-type.bundle.unit-test";
		};
		D923B4C0257D6E27001C5760 /* Nursery RhymesUITests */ = {
			isa = PBXNativeTarget;
			buildConfigurationList = D923B4D0257D6E27001C5760 /* Build configuration list for PBXNativeTarget "Nursery RhymesUITests" */;
			buildPhases = (
				D923B4BD257D6E27001C5760 /* Sources */,
				D923B4BE257D6E27001C5760 /* Frameworks */,
				D923B4BF257D6E27001C5760 /* Resources */,
			);
			buildRules = (
			);
			dependencies = (
				D923B4C3257D6E27001C5760 /* PBXTargetDependency */,
			);
			name = "Nursery RhymesUITests";
			productName = "Nursery RhymesUITests";
			productReference = D923B4C1257D6E27001C5760 /* Nursery RhymesUITests.xctest */;
			productType = "com.apple.product-type.bundle.ui-testing";
		};
/* End PBXNativeTarget section */

/* Begin PBXProject section */
		D923B498257D6E26001C5760 /* Project object */ = {
			isa = PBXProject;
			attributes = {
				LastSwiftUpdateCheck = 1210;
				LastUpgradeCheck = 1210;
				TargetAttributes = {
					D923B49F257D6E26001C5760 = {
						CreatedOnToolsVersion = 12.1;
					};
					D923B4B5257D6E27001C5760 = {
						CreatedOnToolsVersion = 12.1;
						TestTargetID = D923B49F257D6E26001C5760;
					};
					D923B4C0257D6E27001C5760 = {
						CreatedOnToolsVersion = 12.1;
						TestTargetID = D923B49F257D6E26001C5760;
					};
				};
			};
			buildConfigurationList = D923B49B257D6E26001C5760 /* Build configuration list for PBXProject "Nursery Rhymes" */;
			compatibilityVersion = "Xcode 9.3";
			developmentRegion = en;
			hasScannedForEncodings = 0;
			knownRegions = (
				en,
				Base,
			);
			mainGroup = D923B497257D6E26001C5760;
			packageReferences = (
				D923B4E3257D83E1001C5760 /* XCRemoteSwiftPackageReference "swift-snapshot-testing" */,
				D923B4E9257D842B001C5760 /* XCRemoteSwiftPackageReference "NurseryRhymesModels" */,
				D923B4EF257D8461001C5760 /* XCRemoteSwiftPackageReference "NurseryRhymesConnection" */,
			);
			productRefGroup = D923B4A1257D6E26001C5760 /* Products */;
			projectDirPath = "";
			projectRoot = "";
			targets = (
				D923B49F257D6E26001C5760 /* Nursery Rhymes */,
				D923B4B5257D6E27001C5760 /* Nursery RhymesTests */,
				D923B4C0257D6E27001C5760 /* Nursery RhymesUITests */,
			);
		};
/* End PBXProject section */

/* Begin PBXResourcesBuildPhase section */
		D923B49E257D6E26001C5760 /* Resources */ = {
			isa = PBXResourcesBuildPhase;
			buildActionMask = 2147483647;
			files = (
				D923B4B0257D6E27001C5760 /* LaunchScreen.storyboard in Resources */,
				D923B4AD257D6E27001C5760 /* Assets.xcassets in Resources */,
			);
			runOnlyForDeploymentPostprocessing = 0;
		};
		D923B4B4257D6E27001C5760 /* Resources */ = {
			isa = PBXResourcesBuildPhase;
			buildActionMask = 2147483647;
			files = (
			);
			runOnlyForDeploymentPostprocessing = 0;
		};
		D923B4BF257D6E27001C5760 /* Resources */ = {
			isa = PBXResourcesBuildPhase;
			buildActionMask = 2147483647;
			files = (
			);
			runOnlyForDeploymentPostprocessing = 0;
		};
/* End PBXResourcesBuildPhase section */

/* Begin PBXSourcesBuildPhase section */
		D923B49C257D6E26001C5760 /* Sources */ = {
			isa = PBXSourcesBuildPhase;
			buildActionMask = 2147483647;
			files = (
				D9A088E5257F68390079079F /* RhymeViewController.swift in Sources */,
				D923B4A4257D6E26001C5760 /* AppDelegate.swift in Sources */,
				D9A088F9257F88D80079079F /* AppRouter.swift in Sources */,
				D979A3A7257E413D001A366C /* ListDataSource.swift in Sources */,
				D923B4FF257D8805001C5760 /* ListView.swift in Sources */,
				D9A08908257FAA880079079F /* RhymeDetailsViewModel.swift in Sources */,
				D923B50C257D948D001C5760 /* LoaderView.swift in Sources */,
				D9A088CF257EE72E0079079F /* ListViewControllerFactory.swift in Sources */,
				D9A088F4257F6FB10079079F /* UIView+pinToSuperview.swift in Sources */,
				D9A0892D25803D4E0079079F /* BooksView.swift in Sources */,
				D9A088DC257F67600079079F /* NavigationController.swift in Sources */,
				D9A0891A25801D8E0079079F /* LocalDataProvider.swift in Sources */,
				D923B4F7257D8762001C5760 /* ListViewController.swift in Sources */,
				D979A3AC257E49A9001A366C /* ListCell.swift in Sources */,
				D9A08942258043950079079F /* BooksViewControllerFactory.swift in Sources */,
				D9A0892825803D360079079F /* BooksDataSource.swift in Sources */,
				D9A0891525801BFE0079079F /* FavouritesProvider.swift in Sources */,
				D923B511257D9A59001C5760 /* NSLayoutConstraintHelper.swift in Sources */,
				D9A088EA257F68580079079F /* RhymeView.swift in Sources */,
				D923B507257D8D93001C5760 /* Preview.swift in Sources */,
				D9A0890D257FE0CE0079079F /* Aggregator.swift in Sources */,
				D9A088D7257EF65E0079079F /* ListViewModel.swift in Sources */,
				D9BCE22E25804B810015A2DB /* BrowserFactory.swift in Sources */,
				D979A39A257E25C5001A366C /* ErrorView.swift in Sources */,
				D923B4A6257D6E26001C5760 /* SceneDelegate.swift in Sources */,
				D9BCE23325804D8E0015A2DB /* UIViewController+safePresent.swift in Sources */,
				D9A08903257FAA280079079F /* RhymeDetailsProvider.swift in Sources */,
				D9A0893D25803D730079079F /* BookViewModel.swift in Sources */,
				D9A0893825803D600079079F /* BookCell.swift in Sources */,
				D9A0892025803D240079079F /* BooksViewController.swift in Sources */,
				D979A3B1257E4DC7001A366C /* ImagePromise.swift in Sources */,
				D9A088FE257F8A7D0079079F /* RhymeViewControllerFactory.swift in Sources */,
			);
			runOnlyForDeploymentPostprocessing = 0;
		};
		D923B4B2257D6E27001C5760 /* Sources */ = {
			isa = PBXSourcesBuildPhase;
			buildActionMask = 2147483647;
			files = (
				D979A39F257E2CC7001A366C /* ListViewControllerTests.swift in Sources */,
			);
			runOnlyForDeploymentPostprocessing = 0;
		};
		D923B4BD257D6E27001C5760 /* Sources */ = {
			isa = PBXSourcesBuildPhase;
			buildActionMask = 2147483647;
			files = (
				D923B4C6257D6E27001C5760 /* Nursery_RhymesUITests.swift in Sources */,
			);
			runOnlyForDeploymentPostprocessing = 0;
		};
/* End PBXSourcesBuildPhase section */

/* Begin PBXTargetDependency section */
		D923B4B8257D6E27001C5760 /* PBXTargetDependency */ = {
			isa = PBXTargetDependency;
			target = D923B49F257D6E26001C5760 /* Nursery Rhymes */;
			targetProxy = D923B4B7257D6E27001C5760 /* PBXContainerItemProxy */;
		};
		D923B4C3257D6E27001C5760 /* PBXTargetDependency */ = {
			isa = PBXTargetDependency;
			target = D923B49F257D6E26001C5760 /* Nursery Rhymes */;
			targetProxy = D923B4C2257D6E27001C5760 /* PBXContainerItemProxy */;
		};
/* End PBXTargetDependency section */

/* Begin PBXVariantGroup section */
		D923B4AE257D6E27001C5760 /* LaunchScreen.storyboard */ = {
			isa = PBXVariantGroup;
			children = (
				D923B4AF257D6E27001C5760 /* Base */,
			);
			name = LaunchScreen.storyboard;
			sourceTree = "<group>";
		};
/* End PBXVariantGroup section */

/* Begin XCBuildConfiguration section */
		D923B4C8257D6E27001C5760 /* Debug */ = {
			isa = XCBuildConfiguration;
			buildSettings = {
				ALWAYS_SEARCH_USER_PATHS = NO;
				CLANG_ANALYZER_NONNULL = YES;
				CLANG_ANALYZER_NUMBER_OBJECT_CONVERSION = YES_AGGRESSIVE;
				CLANG_CXX_LANGUAGE_STANDARD = "gnu++14";
				CLANG_CXX_LIBRARY = "libc++";
				CLANG_ENABLE_MODULES = YES;
				CLANG_ENABLE_OBJC_ARC = YES;
				CLANG_ENABLE_OBJC_WEAK = YES;
				CLANG_WARN_BLOCK_CAPTURE_AUTORELEASING = YES;
				CLANG_WARN_BOOL_CONVERSION = YES;
				CLANG_WARN_COMMA = YES;
				CLANG_WARN_CONSTANT_CONVERSION = YES;
				CLANG_WARN_DEPRECATED_OBJC_IMPLEMENTATIONS = YES;
				CLANG_WARN_DIRECT_OBJC_ISA_USAGE = YES_ERROR;
				CLANG_WARN_DOCUMENTATION_COMMENTS = YES;
				CLANG_WARN_EMPTY_BODY = YES;
				CLANG_WARN_ENUM_CONVERSION = YES;
				CLANG_WARN_INFINITE_RECURSION = YES;
				CLANG_WARN_INT_CONVERSION = YES;
				CLANG_WARN_NON_LITERAL_NULL_CONVERSION = YES;
				CLANG_WARN_OBJC_IMPLICIT_RETAIN_SELF = YES;
				CLANG_WARN_OBJC_LITERAL_CONVERSION = YES;
				CLANG_WARN_OBJC_ROOT_CLASS = YES_ERROR;
				CLANG_WARN_QUOTED_INCLUDE_IN_FRAMEWORK_HEADER = YES;
				CLANG_WARN_RANGE_LOOP_ANALYSIS = YES;
				CLANG_WARN_STRICT_PROTOTYPES = YES;
				CLANG_WARN_SUSPICIOUS_MOVE = YES;
				CLANG_WARN_UNGUARDED_AVAILABILITY = YES_AGGRESSIVE;
				CLANG_WARN_UNREACHABLE_CODE = YES;
				CLANG_WARN__DUPLICATE_METHOD_MATCH = YES;
				COPY_PHASE_STRIP = NO;
				DEBUG_INFORMATION_FORMAT = dwarf;
				ENABLE_STRICT_OBJC_MSGSEND = YES;
				ENABLE_TESTABILITY = YES;
				GCC_C_LANGUAGE_STANDARD = gnu11;
				GCC_DYNAMIC_NO_PIC = NO;
				GCC_NO_COMMON_BLOCKS = YES;
				GCC_OPTIMIZATION_LEVEL = 0;
				GCC_PREPROCESSOR_DEFINITIONS = (
					"DEBUG=1",
					"$(inherited)",
				);
				GCC_WARN_64_TO_32_BIT_CONVERSION = YES;
				GCC_WARN_ABOUT_RETURN_TYPE = YES_ERROR;
				GCC_WARN_UNDECLARED_SELECTOR = YES;
				GCC_WARN_UNINITIALIZED_AUTOS = YES_AGGRESSIVE;
				GCC_WARN_UNUSED_FUNCTION = YES;
				GCC_WARN_UNUSED_VARIABLE = YES;
				IPHONEOS_DEPLOYMENT_TARGET = 14.1;
				MTL_ENABLE_DEBUG_INFO = INCLUDE_SOURCE;
				MTL_FAST_MATH = YES;
				ONLY_ACTIVE_ARCH = YES;
				SDKROOT = iphoneos;
				SWIFT_ACTIVE_COMPILATION_CONDITIONS = "DEBUG PREVIEW";
				SWIFT_OPTIMIZATION_LEVEL = "-Onone";
			};
			name = Debug;
		};
		D923B4C9257D6E27001C5760 /* Release */ = {
			isa = XCBuildConfiguration;
			buildSettings = {
				ALWAYS_SEARCH_USER_PATHS = NO;
				CLANG_ANALYZER_NONNULL = YES;
				CLANG_ANALYZER_NUMBER_OBJECT_CONVERSION = YES_AGGRESSIVE;
				CLANG_CXX_LANGUAGE_STANDARD = "gnu++14";
				CLANG_CXX_LIBRARY = "libc++";
				CLANG_ENABLE_MODULES = YES;
				CLANG_ENABLE_OBJC_ARC = YES;
				CLANG_ENABLE_OBJC_WEAK = YES;
				CLANG_WARN_BLOCK_CAPTURE_AUTORELEASING = YES;
				CLANG_WARN_BOOL_CONVERSION = YES;
				CLANG_WARN_COMMA = YES;
				CLANG_WARN_CONSTANT_CONVERSION = YES;
				CLANG_WARN_DEPRECATED_OBJC_IMPLEMENTATIONS = YES;
				CLANG_WARN_DIRECT_OBJC_ISA_USAGE = YES_ERROR;
				CLANG_WARN_DOCUMENTATION_COMMENTS = YES;
				CLANG_WARN_EMPTY_BODY = YES;
				CLANG_WARN_ENUM_CONVERSION = YES;
				CLANG_WARN_INFINITE_RECURSION = YES;
				CLANG_WARN_INT_CONVERSION = YES;
				CLANG_WARN_NON_LITERAL_NULL_CONVERSION = YES;
				CLANG_WARN_OBJC_IMPLICIT_RETAIN_SELF = YES;
				CLANG_WARN_OBJC_LITERAL_CONVERSION = YES;
				CLANG_WARN_OBJC_ROOT_CLASS = YES_ERROR;
				CLANG_WARN_QUOTED_INCLUDE_IN_FRAMEWORK_HEADER = YES;
				CLANG_WARN_RANGE_LOOP_ANALYSIS = YES;
				CLANG_WARN_STRICT_PROTOTYPES = YES;
				CLANG_WARN_SUSPICIOUS_MOVE = YES;
				CLANG_WARN_UNGUARDED_AVAILABILITY = YES_AGGRESSIVE;
				CLANG_WARN_UNREACHABLE_CODE = YES;
				CLANG_WARN__DUPLICATE_METHOD_MATCH = YES;
				COPY_PHASE_STRIP = NO;
				DEBUG_INFORMATION_FORMAT = "dwarf-with-dsym";
				ENABLE_NS_ASSERTIONS = NO;
				ENABLE_STRICT_OBJC_MSGSEND = YES;
				GCC_C_LANGUAGE_STANDARD = gnu11;
				GCC_NO_COMMON_BLOCKS = YES;
				GCC_WARN_64_TO_32_BIT_CONVERSION = YES;
				GCC_WARN_ABOUT_RETURN_TYPE = YES_ERROR;
				GCC_WARN_UNDECLARED_SELECTOR = YES;
				GCC_WARN_UNINITIALIZED_AUTOS = YES_AGGRESSIVE;
				GCC_WARN_UNUSED_FUNCTION = YES;
				GCC_WARN_UNUSED_VARIABLE = YES;
				IPHONEOS_DEPLOYMENT_TARGET = 14.1;
				MTL_ENABLE_DEBUG_INFO = NO;
				MTL_FAST_MATH = YES;
				SDKROOT = iphoneos;
				SWIFT_COMPILATION_MODE = wholemodule;
				SWIFT_OPTIMIZATION_LEVEL = "-O";
				VALIDATE_PRODUCT = YES;
			};
			name = Release;
		};
		D923B4CB257D6E27001C5760 /* Debug */ = {
			isa = XCBuildConfiguration;
			buildSettings = {
				ASSETCATALOG_COMPILER_APPICON_NAME = AppIcon;
				ASSETCATALOG_COMPILER_GLOBAL_ACCENT_COLOR_NAME = AccentColor;
				CODE_SIGN_ENTITLEMENTS = "Nursery Rhymes/Nursery Rhymes.entitlements";
				CODE_SIGN_STYLE = Automatic;
				DEVELOPMENT_TEAM = ZKL6C9T3NC;
				INFOPLIST_FILE = "Nursery Rhymes/Info.plist";
				IPHONEOS_DEPLOYMENT_TARGET = 13.0;
				LD_RUNPATH_SEARCH_PATHS = (
					"$(inherited)",
					"@executable_path/Frameworks",
				);
				PRODUCT_BUNDLE_IDENTIFIER = "codes.maciejgad.Nursery-Rhymes";
				PRODUCT_NAME = "$(TARGET_NAME)";
				SUPPORTS_MACCATALYST = YES;
				SWIFT_VERSION = 5.0;
				TARGETED_DEVICE_FAMILY = "1,2";
			};
			name = Debug;
		};
		D923B4CC257D6E27001C5760 /* Release */ = {
			isa = XCBuildConfiguration;
			buildSettings = {
				ASSETCATALOG_COMPILER_APPICON_NAME = AppIcon;
				ASSETCATALOG_COMPILER_GLOBAL_ACCENT_COLOR_NAME = AccentColor;
				CODE_SIGN_ENTITLEMENTS = "Nursery Rhymes/Nursery Rhymes.entitlements";
				CODE_SIGN_STYLE = Automatic;
				DEVELOPMENT_TEAM = ZKL6C9T3NC;
				INFOPLIST_FILE = "Nursery Rhymes/Info.plist";
				IPHONEOS_DEPLOYMENT_TARGET = 13.0;
				LD_RUNPATH_SEARCH_PATHS = (
					"$(inherited)",
					"@executable_path/Frameworks",
				);
				PRODUCT_BUNDLE_IDENTIFIER = "codes.maciejgad.Nursery-Rhymes";
				PRODUCT_NAME = "$(TARGET_NAME)";
				SUPPORTS_MACCATALYST = YES;
				SWIFT_VERSION = 5.0;
				TARGETED_DEVICE_FAMILY = "1,2";
			};
			name = Release;
		};
		D923B4CE257D6E27001C5760 /* Debug */ = {
			isa = XCBuildConfiguration;
			buildSettings = {
				ALWAYS_EMBED_SWIFT_STANDARD_LIBRARIES = YES;
				BUNDLE_LOADER = "$(TEST_HOST)";
				CODE_SIGN_STYLE = Automatic;
				DEVELOPMENT_TEAM = ZKL6C9T3NC;
				INFOPLIST_FILE = "Nursery RhymesTests/Info.plist";
				IPHONEOS_DEPLOYMENT_TARGET = 14.1;
				LD_RUNPATH_SEARCH_PATHS = (
					"$(inherited)",
					"@executable_path/Frameworks",
					"@loader_path/Frameworks",
				);
				PRODUCT_BUNDLE_IDENTIFIER = "codes.maciejgad.Nursery-RhymesTests";
				PRODUCT_NAME = "$(TARGET_NAME)";
				SWIFT_VERSION = 5.0;
				TARGETED_DEVICE_FAMILY = "1,2";
				TEST_HOST = "$(BUILT_PRODUCTS_DIR)/Nursery Rhymes.app/Nursery Rhymes";
			};
			name = Debug;
		};
		D923B4CF257D6E27001C5760 /* Release */ = {
			isa = XCBuildConfiguration;
			buildSettings = {
				ALWAYS_EMBED_SWIFT_STANDARD_LIBRARIES = YES;
				BUNDLE_LOADER = "$(TEST_HOST)";
				CODE_SIGN_STYLE = Automatic;
				DEVELOPMENT_TEAM = ZKL6C9T3NC;
				INFOPLIST_FILE = "Nursery RhymesTests/Info.plist";
				IPHONEOS_DEPLOYMENT_TARGET = 14.1;
				LD_RUNPATH_SEARCH_PATHS = (
					"$(inherited)",
					"@executable_path/Frameworks",
					"@loader_path/Frameworks",
				);
				PRODUCT_BUNDLE_IDENTIFIER = "codes.maciejgad.Nursery-RhymesTests";
				PRODUCT_NAME = "$(TARGET_NAME)";
				SWIFT_VERSION = 5.0;
				TARGETED_DEVICE_FAMILY = "1,2";
				TEST_HOST = "$(BUILT_PRODUCTS_DIR)/Nursery Rhymes.app/Nursery Rhymes";
			};
			name = Release;
		};
		D923B4D1257D6E27001C5760 /* Debug */ = {
			isa = XCBuildConfiguration;
			buildSettings = {
				ALWAYS_EMBED_SWIFT_STANDARD_LIBRARIES = YES;
				CODE_SIGN_STYLE = Automatic;
				DEVELOPMENT_TEAM = ZKL6C9T3NC;
				INFOPLIST_FILE = "Nursery RhymesUITests/Info.plist";
				LD_RUNPATH_SEARCH_PATHS = (
					"$(inherited)",
					"@executable_path/Frameworks",
					"@loader_path/Frameworks",
				);
				PRODUCT_BUNDLE_IDENTIFIER = "codes.maciejgad.Nursery-RhymesUITests";
				PRODUCT_NAME = "$(TARGET_NAME)";
				SWIFT_VERSION = 5.0;
				TARGETED_DEVICE_FAMILY = "1,2";
				TEST_TARGET_NAME = "Nursery Rhymes";
			};
			name = Debug;
		};
		D923B4D2257D6E27001C5760 /* Release */ = {
			isa = XCBuildConfiguration;
			buildSettings = {
				ALWAYS_EMBED_SWIFT_STANDARD_LIBRARIES = YES;
				CODE_SIGN_STYLE = Automatic;
				DEVELOPMENT_TEAM = ZKL6C9T3NC;
				INFOPLIST_FILE = "Nursery RhymesUITests/Info.plist";
				LD_RUNPATH_SEARCH_PATHS = (
					"$(inherited)",
					"@executable_path/Frameworks",
					"@loader_path/Frameworks",
				);
				PRODUCT_BUNDLE_IDENTIFIER = "codes.maciejgad.Nursery-RhymesUITests";
				PRODUCT_NAME = "$(TARGET_NAME)";
				SWIFT_VERSION = 5.0;
				TARGETED_DEVICE_FAMILY = "1,2";
				TEST_TARGET_NAME = "Nursery Rhymes";
			};
			name = Release;
		};
/* End XCBuildConfiguration section */

/* Begin XCConfigurationList section */
		D923B49B257D6E26001C5760 /* Build configuration list for PBXProject "Nursery Rhymes" */ = {
			isa = XCConfigurationList;
			buildConfigurations = (
				D923B4C8257D6E27001C5760 /* Debug */,
				D923B4C9257D6E27001C5760 /* Release */,
			);
			defaultConfigurationIsVisible = 0;
			defaultConfigurationName = Release;
		};
		D923B4CA257D6E27001C5760 /* Build configuration list for PBXNativeTarget "Nursery Rhymes" */ = {
			isa = XCConfigurationList;
			buildConfigurations = (
				D923B4CB257D6E27001C5760 /* Debug */,
				D923B4CC257D6E27001C5760 /* Release */,
			);
			defaultConfigurationIsVisible = 0;
			defaultConfigurationName = Release;
		};
		D923B4CD257D6E27001C5760 /* Build configuration list for PBXNativeTarget "Nursery RhymesTests" */ = {
			isa = XCConfigurationList;
			buildConfigurations = (
				D923B4CE257D6E27001C5760 /* Debug */,
				D923B4CF257D6E27001C5760 /* Release */,
			);
			defaultConfigurationIsVisible = 0;
			defaultConfigurationName = Release;
		};
		D923B4D0257D6E27001C5760 /* Build configuration list for PBXNativeTarget "Nursery RhymesUITests" */ = {
			isa = XCConfigurationList;
			buildConfigurations = (
				D923B4D1257D6E27001C5760 /* Debug */,
				D923B4D2257D6E27001C5760 /* Release */,
			);
			defaultConfigurationIsVisible = 0;
			defaultConfigurationName = Release;
		};
/* End XCConfigurationList section */

/* Begin XCRemoteSwiftPackageReference section */
		D923B4E3257D83E1001C5760 /* XCRemoteSwiftPackageReference "swift-snapshot-testing" */ = {
			isa = XCRemoteSwiftPackageReference;
			repositoryURL = "https://github.com/pointfreeco/swift-snapshot-testing.git";
			requirement = {
				kind = upToNextMajorVersion;
				minimumVersion = 1.8.2;
			};
		};
		D923B4E9257D842B001C5760 /* XCRemoteSwiftPackageReference "NurseryRhymesModels" */ = {
			isa = XCRemoteSwiftPackageReference;
			repositoryURL = "git@github.com:MaciejGad/NurseryRhymesModels.git";
			requirement = {
				branch = main;
				kind = branch;
			};
		};
		D923B4EF257D8461001C5760 /* XCRemoteSwiftPackageReference "NurseryRhymesConnection" */ = {
			isa = XCRemoteSwiftPackageReference;
			repositoryURL = "git@github.com:MaciejGad/NurseryRhymesConnection.git";
			requirement = {
				branch = main;
				kind = branch;
			};
		};
/* End XCRemoteSwiftPackageReference section */

/* Begin XCSwiftPackageProductDependency section */
		D923B4E4257D83E1001C5760 /* SnapshotTesting */ = {
			isa = XCSwiftPackageProductDependency;
			package = D923B4E3257D83E1001C5760 /* XCRemoteSwiftPackageReference "swift-snapshot-testing" */;
			productName = SnapshotTesting;
		};
		D923B4EA257D842B001C5760 /* Models */ = {
			isa = XCSwiftPackageProductDependency;
			package = D923B4E9257D842B001C5760 /* XCRemoteSwiftPackageReference "NurseryRhymesModels" */;
			productName = Models;
		};
		D923B4F0257D8461001C5760 /* Connection */ = {
			isa = XCSwiftPackageProductDependency;
			package = D923B4EF257D8461001C5760 /* XCRemoteSwiftPackageReference "NurseryRhymesConnection" */;
			productName = Connection;
		};
/* End XCSwiftPackageProductDependency section */
	};
	rootObject = D923B498257D6E26001C5760 /* Project object */;
}
